
Microsoft Visual Studio Solution File, Format Version 12.00
# Visual Studio 2013
VisualStudioVersion = 12.0.21005.1
MinimumVisualStudioVersion = 10.0.40219.1
Project("{FAE04EC0-301F-11D3-BF4B-00C04F79EFBC}") = "PeopleSearchDemo", "PeopleSearchDemo\PeopleSearchDemo.csproj", "{5D15D7D2-0B21-4BEF-9A50-E6F10ED43CFC}"
EndProject
Project("{FAE04EC0-301F-11D3-BF4B-00C04F79EFBC}") = "PeopleSearchDemo.Tests", "PeopleSearchDemo.Tests\PeopleSearchDemo.Tests.csproj", "{BE958403-BAC6-4151-B56A-B796FB53AB7A}"
EndProject
Global
	GlobalSection(SolutionConfigurationPlatforms) = preSolution
		Debug|Any CPU = Debug|Any CPU
		Release|Any CPU = Release|Any CPU
	EndGlobalSection
	GlobalSection(ProjectConfigurationPlatforms) = postSolution
		{5D15D7D2-0B21-4BEF-9A50-E6F10ED43CFC}.Debug|Any CPU.ActiveCfg = Debug|Any CPU
		{5D15D7D2-0B21-4BEF-9A50-E6F10ED43CFC}.Debug|Any CPU.Build.0 = Debug|Any CPU
		{5D15D7D2-0B21-4BEF-9A50-E6F10ED43CFC}.Release|Any CPU.ActiveCfg = Release|Any CPU
		{5D15D7D2-0B21-4BEF-9A50-E6F10ED43CFC}.Release|Any CPU.Build.0 = Release|Any CPU
		{BE958403-BAC6-4151-B56A-B796FB53AB7A}.Debug|Any CPU.ActiveCfg = Debug|Any CPU
		{BE958403-BAC6-4151-B56A-B796FB53AB7A}.Debug|Any CPU.Build.0 = Debug|Any CPU
		{BE958403-BAC6-4151-B56A-B796FB53AB7A}.Release|Any CPU.ActiveCfg = Release|Any CPU
		{BE958403-BAC6-4151-B56A-B796FB53AB7A}.Release|Any CPU.Build.0 = Release|Any CPU
	EndGlobalSection
	GlobalSection(SolutionProperties) = preSolution
		HideSolutionNode = FALSE
	EndGlobalSection
EndGlobal
